
Microsoft Visual Studio Solution File, Format Version 12.00
# Visual Studio 14
VisualStudioVersion = 14.0.25420.1
MinimumVisualStudioVersion = 10.0.40219.1
Project("{FAE04EC0-301F-11D3-BF4B-00C04F79EFBC}") = "HoloRetro", "HoloRetro\HoloRetro.csproj", "{13A45C13-3265-47B8-BC48-A553B569DF55}"
EndProject
Project("{FAE04EC0-301F-11D3-BF4B-00C04F79EFBC}") = "Assembly-CSharp", "C:\Users\USER00\Documents\HoloRetro\App\GeneratedProjects\UWP\Assembly-CSharp\Assembly-CSharp.csproj", "{ED2B9F2D-11E6-42BE-A46B-0CFC51C8B7CF}"
EndProject
Project("{FAE04EC0-301F-11D3-BF4B-00C04F79EFBC}") = "Assembly-CSharp-firstpass", "C:\Users\USER00\Documents\HoloRetro\App\GeneratedProjects\UWP\Assembly-CSharp-firstpass\Assembly-CSharp-firstpass.csproj", "{BF1A5199-67D6-4E29-A32A-19D25A4AAD6C}"
EndProject
Global
	GlobalSection(SolutionConfigurationPlatforms) = preSolution
		Debug|ARM = Debug|ARM
		Debug|x64 = Debug|x64
		Debug|x86 = Debug|x86
		Master|ARM = Master|ARM
		Master|x64 = Master|x64
		Master|x86 = Master|x86
		Release|ARM = Release|ARM
		Release|x64 = Release|x64
		Release|x86 = Release|x86
	EndGlobalSection
	GlobalSection(ProjectConfigurationPlatforms) = postSolution
		{13A45C13-3265-47B8-BC48-A553B569DF55}.Debug|ARM.ActiveCfg = Debug|ARM
		{13A45C13-3265-47B8-BC48-A553B569DF55}.Debug|ARM.Build.0 = Debug|ARM
		{13A45C13-3265-47B8-BC48-A553B569DF55}.Debug|ARM.Deploy.0 = Debug|ARM
		{13A45C13-3265-47B8-BC48-A553B569DF55}.Debug|x64.ActiveCfg = Debug|x64
		{13A45C13-3265-47B8-BC48-A553B569DF55}.Debug|x64.Build.0 = Debug|x64
		{13A45C13-3265-47B8-BC48-A553B569DF55}.Debug|x64.Deploy.0 = Debug|x64
		{13A45C13-3265-47B8-BC48-A553B569DF55}.Debug|x86.ActiveCfg = Debug|x86
		{13A45C13-3265-47B8-BC48-A553B569DF55}.Debug|x86.Build.0 = Debug|x86
		{13A45C13-3265-47B8-BC48-A553B569DF55}.Debug|x86.Deploy.0 = Debug|x86
		{13A45C13-3265-47B8-BC48-A553B569DF55}.Master|ARM.ActiveCfg = Master|ARM
		{13A45C13-3265-47B8-BC48-A553B569DF55}.Master|ARM.Build.0 = Master|ARM
		{13A45C13-3265-47B8-BC48-A553B569DF55}.Master|ARM.Deploy.0 = Master|ARM
		{13A45C13-3265-47B8-BC48-A553B569DF55}.Master|x64.ActiveCfg = Master|x64
		{13A45C13-3265-47B8-BC48-A553B569DF55}.Master|x64.Build.0 = Master|x64
		{13A45C13-3265-47B8-BC48-A553B569DF55}.Master|x64.Deploy.0 = Master|x64
		{13A45C13-3265-47B8-BC48-A553B569DF55}.Master|x86.ActiveCfg = Master|x86
		{13A45C13-3265-47B8-BC48-A553B569DF55}.Master|x86.Build.0 = Master|x86
		{13A45C13-3265-47B8-BC48-A553B569DF55}.Master|x86.Deploy.0 = Master|x86
		{13A45C13-3265-47B8-BC48-A553B569DF55}.Release|ARM.ActiveCfg = Release|ARM
		{13A45C13-3265-47B8-BC48-A553B569DF55}.Release|ARM.Build.0 = Release|ARM
		{13A45C13-3265-47B8-BC48-A553B569DF55}.Release|ARM.Deploy.0 = Release|ARM
		{13A45C13-3265-47B8-BC48-A553B569DF55}.Release|x64.ActiveCfg = Release|x64
		{13A45C13-3265-47B8-BC48-A553B569DF55}.Release|x64.Build.0 = Release|x64
		{13A45C13-3265-47B8-BC48-A553B569DF55}.Release|x64.Deploy.0 = Release|x64
		{13A45C13-3265-47B8-BC48-A553B569DF55}.Release|x86.ActiveCfg = Release|x86
		{13A45C13-3265-47B8-BC48-A553B569DF55}.Release|x86.Build.0 = Release|x86
		{13A45C13-3265-47B8-BC48-A553B569DF55}.Release|x86.Deploy.0 = Release|x86
		{ED2B9F2D-11E6-42BE-A46B-0CFC51C8B7CF}.Debug|ARM.ActiveCfg = Debug|ARM
		{ED2B9F2D-11E6-42BE-A46B-0CFC51C8B7CF}.Debug|ARM.Build.0 = Debug|ARM
		{ED2B9F2D-11E6-42BE-A46B-0CFC51C8B7CF}.Debug|x64.ActiveCfg = Debug|x64
		{ED2B9F2D-11E6-42BE-A46B-0CFC51C8B7CF}.Debug|x64.Build.0 = Debug|x64
		{ED2B9F2D-11E6-42BE-A46B-0CFC51C8B7CF}.Debug|x86.ActiveCfg = Debug|x86
		{ED2B9F2D-11E6-42BE-A46B-0CFC51C8B7CF}.Debug|x86.Build.0 = Debug|x86
		{ED2B9F2D-11E6-42BE-A46B-0CFC51C8B7CF}.Master|ARM.ActiveCfg = Master|ARM
		{ED2B9F2D-11E6-42BE-A46B-0CFC51C8B7CF}.Master|ARM.Build.0 = Master|ARM
		{ED2B9F2D-11E6-42BE-A46B-0CFC51C8B7CF}.Master|x64.ActiveCfg = Master|x64
		{ED2B9F2D-11E6-42BE-A46B-0CFC51C8B7CF}.Master|x64.Build.0 = Master|x64
		{ED2B9F2D-11E6-42BE-A46B-0CFC51C8B7CF}.Master|x86.ActiveCfg = Master|x86
		{ED2B9F2D-11E6-42BE-A46B-0CFC51C8B7CF}.Master|x86.Build.0 = Master|x86
		{ED2B9F2D-11E6-42BE-A46B-0CFC51C8B7CF}.Release|ARM.ActiveCfg = Release|ARM
		{ED2B9F2D-11E6-42BE-A46B-0CFC51C8B7CF}.Release|ARM.Build.0 = Release|ARM
		{ED2B9F2D-11E6-42BE-A46B-0CFC51C8B7CF}.Release|x64.ActiveCfg = Release|x64
		{ED2B9F2D-11E6-42BE-A46B-0CFC51C8B7CF}.Release|x64.Build.0 = Release|x64
		{ED2B9F2D-11E6-42BE-A46B-0CFC51C8B7CF}.Release|x86.ActiveCfg = Release|x86
		{ED2B9F2D-11E6-42BE-A46B-0CFC51C8B7CF}.Release|x86.Build.0 = Release|x86
		{BF1A5199-67D6-4E29-A32A-19D25A4AAD6C}.Debug|ARM.ActiveCfg = Debug|ARM
		{BF1A5199-67D6-4E29-A32A-19D25A4AAD6C}.Debug|ARM.Build.0 = Debug|ARM
		{BF1A5199-67D6-4E29-A32A-19D25A4AAD6C}.Debug|x64.ActiveCfg = Debug|x64
		{BF1A5199-67D6-4E29-A32A-19D25A4AAD6C}.Debug|x64.Build.0 = Debug|x64
		{BF1A5199-67D6-4E29-A32A-19D25A4AAD6C}.Debug|x86.ActiveCfg = Debug|x86
		{BF1A5199-67D6-4E29-A32A-19D25A4AAD6C}.Debug|x86.Build.0 = Debug|x86
		{BF1A5199-67D6-4E29-A32A-19D25A4AAD6C}.Master|ARM.ActiveCfg = Master|ARM
		{BF1A5199-67D6-4E29-A32A-19D25A4AAD6C}.Master|ARM.Build.0 = Master|ARM
		{BF1A5199-67D6-4E29-A32A-19D25A4AAD6C}.Master|x64.ActiveCfg = Master|x64
		{BF1A5199-67D6-4E29-A32A-19D25A4AAD6C}.Master|x64.Build.0 = Master|x64
		{BF1A5199-67D6-4E29-A32A-19D25A4AAD6C}.Master|x86.ActiveCfg = Master|x86
		{BF1A5199-67D6-4E29-A32A-19D25A4AAD6C}.Master|x86.Build.0 = Master|x86
		{BF1A5199-67D6-4E29-A32A-19D25A4AAD6C}.Release|ARM.ActiveCfg = Release|ARM
		{BF1A5199-67D6-4E29-A32A-19D25A4AAD6C}.Release|ARM.Build.0 = Release|ARM
		{BF1A5199-67D6-4E29-A32A-19D25A4AAD6C}.Release|x64.ActiveCfg = Release|x64
		{BF1A5199-67D6-4E29-A32A-19D25A4AAD6C}.Release|x64.Build.0 = Release|x64
		{BF1A5199-67D6-4E29-A32A-19D25A4AAD6C}.Release|x86.ActiveCfg = Release|x86
		{BF1A5199-67D6-4E29-A32A-19D25A4AAD6C}.Release|x86.Build.0 = Release|x86
	EndGlobalSection
	GlobalSection(SolutionProperties) = preSolution
		HideSolutionNode = FALSE
	EndGlobalSection
EndGlobal
